
Microsoft Visual Studio Solution File, Format Version 12.00
# Visual Studio Version 17
VisualStudioVersion = 17.6.33829.357
MinimumVisualStudioVersion = 10.0.40219.1
Project("{FAE04EC0-301F-11D3-BF4B-00C04F79EFBC}") = "CuoiKy", "CuoiKy\CuoiKy.csproj", "{612F2716-0F41-4D8D-A8DC-A04F1ABFF976}"
EndProject
Project("{FAE04EC0-301F-11D3-BF4B-00C04F79EFBC}") = "Model", "Model\Model.csproj", "{AD6B83AD-B794-4041-A6FE-914332C7A4EA}"
EndProject
Global
	GlobalSection(SolutionConfigurationPlatforms) = preSolution
		Debug|Any CPU = Debug|Any CPU
		Debug|x64 = Debug|x64
		Release|Any CPU = Release|Any CPU
		Release|x64 = Release|x64
	EndGlobalSection
	GlobalSection(ProjectConfigurationPlatforms) = postSolution
		{612F2716-0F41-4D8D-A8DC-A04F1ABFF976}.Debug|Any CPU.ActiveCfg = Debug|Any CPU
		{612F2716-0F41-4D8D-A8DC-A04F1ABFF976}.Debug|Any CPU.Build.0 = Debug|Any CPU
		{612F2716-0F41-4D8D-A8DC-A04F1ABFF976}.Debug|x64.ActiveCfg = Debug|Any CPU
		{612F2716-0F41-4D8D-A8DC-A04F1ABFF976}.Debug|x64.Build.0 = Debug|Any CPU
		{612F2716-0F41-4D8D-A8DC-A04F1ABFF976}.Release|Any CPU.ActiveCfg = Release|Any CPU
		{612F2716-0F41-4D8D-A8DC-A04F1ABFF976}.Release|Any CPU.Build.0 = Release|Any CPU
		{612F2716-0F41-4D8D-A8DC-A04F1ABFF976}.Release|x64.ActiveCfg = Release|Any CPU
		{612F2716-0F41-4D8D-A8DC-A04F1ABFF976}.Release|x64.Build.0 = Release|Any CPU
		{AD6B83AD-B794-4041-A6FE-914332C7A4EA}.Debug|Any CPU.ActiveCfg = Debug|Any CPU
		{AD6B83AD-B794-4041-A6FE-914332C7A4EA}.Debug|Any CPU.Build.0 = Debug|Any CPU
		{AD6B83AD-B794-4041-A6FE-914332C7A4EA}.Debug|x64.ActiveCfg = Debug|Any CPU
		{AD6B83AD-B794-4041-A6FE-914332C7A4EA}.Release|Any CPU.ActiveCfg = Release|Any CPU
		{AD6B83AD-B794-4041-A6FE-914332C7A4EA}.Release|Any CPU.Build.0 = Release|Any CPU
		{AD6B83AD-B794-4041-A6FE-914332C7A4EA}.Release|x64.ActiveCfg = Release|Any CPU
	EndGlobalSection
	GlobalSection(SolutionProperties) = preSolution
		HideSolutionNode = FALSE
	EndGlobalSection
	GlobalSection(ExtensibilityGlobals) = postSolution
		SolutionGuid = {F582BDC5-C38D-46D2-97C9-FE0C1D77B6E4}
	EndGlobalSection
EndGlobal
